
Microsoft Visual Studio Solution File, Format Version 12.00
# Visual Studio 15
VisualStudioVersion = 15.0.28307.421
MinimumVisualStudioVersion = 10.0.40219.1
Project("{FAE04EC0-301F-11D3-BF4B-00C04F79EFBC}") = "ClairG.TableTennisStore.WebApp", "ClairG.TableTennisStore.WebApp\ClairG.TableTennisStore.WebApp.csproj", "{163D0592-7EFE-4385-B010-4BDBBF755B1F}"
EndProject
Project("{FAE04EC0-301F-11D3-BF4B-00C04F79EFBC}") = "ClairG.TableTennisStore.Domain", "ClairG.TableTennisStore.Domain\ClairG.TableTennisStore.Domain.csproj", "{B9090F16-5C92-49DC-8D8F-5B3B49239EAD}"
EndProject
Project("{FAE04EC0-301F-11D3-BF4B-00C04F79EFBC}") = "ClairG.TableTennisStore.UnitTests", "ClairG.TableTennisStore.UnitTests\ClairG.TableTennisStore.UnitTests.csproj", "{F19FCDA4-894B-4443-8CF5-843B9A6054D2}"
EndProject
Global
	GlobalSection(SolutionConfigurationPlatforms) = preSolution
		Debug|Any CPU = Debug|Any CPU
		Release|Any CPU = Release|Any CPU
	EndGlobalSection
	GlobalSection(ProjectConfigurationPlatforms) = postSolution
		{163D0592-7EFE-4385-B010-4BDBBF755B1F}.Debug|Any CPU.ActiveCfg = Debug|Any CPU
		{163D0592-7EFE-4385-B010-4BDBBF755B1F}.Debug|Any CPU.Build.0 = Debug|Any CPU
		{163D0592-7EFE-4385-B010-4BDBBF755B1F}.Release|Any CPU.ActiveCfg = Release|Any CPU
		{163D0592-7EFE-4385-B010-4BDBBF755B1F}.Release|Any CPU.Build.0 = Release|Any CPU
		{B9090F16-5C92-49DC-8D8F-5B3B49239EAD}.Debug|Any CPU.ActiveCfg = Debug|Any CPU
		{B9090F16-5C92-49DC-8D8F-5B3B49239EAD}.Debug|Any CPU.Build.0 = Debug|Any CPU
		{B9090F16-5C92-49DC-8D8F-5B3B49239EAD}.Release|Any CPU.ActiveCfg = Release|Any CPU
		{B9090F16-5C92-49DC-8D8F-5B3B49239EAD}.Release|Any CPU.Build.0 = Release|Any CPU
		{F19FCDA4-894B-4443-8CF5-843B9A6054D2}.Debug|Any CPU.ActiveCfg = Debug|Any CPU
		{F19FCDA4-894B-4443-8CF5-843B9A6054D2}.Debug|Any CPU.Build.0 = Debug|Any CPU
		{F19FCDA4-894B-4443-8CF5-843B9A6054D2}.Release|Any CPU.ActiveCfg = Release|Any CPU
		{F19FCDA4-894B-4443-8CF5-843B9A6054D2}.Release|Any CPU.Build.0 = Release|Any CPU
	EndGlobalSection
	GlobalSection(SolutionProperties) = preSolution
		HideSolutionNode = FALSE
	EndGlobalSection
	GlobalSection(ExtensibilityGlobals) = postSolution
		SolutionGuid = {23D8C0F6-C18A-41F1-A285-437D1D36F149}
	EndGlobalSection
EndGlobal
